{
   "name": "livecoding",
   "version": "1.0.0",
   "lockfileVersion": 2,
   "requires": true,
   "packages": {
      "": {
         "name": "livecoding",
         "version": "1.0.0",
         "license": "ISC",
         "dependencies": {
            "normalize-scss": "^7.0.1"
         }
      },
      "node_modules/normalize-scss": {
         "version": "7.0.1",
         "resolved": "https://registry.npmjs.org/normalize-scss/-/normalize-scss-7.0.1.tgz",
         "integrity": "sha512-qj16bWnYs+9/ac29IgGjySg4R5qQTp1lXfm7ApFOZNVBYFY8RZ3f8+XQNDDLHeDtI3Ba7Jj4+LuPgz9v/fne2A=="
      }
   },
   "dependencies": {
      "normalize-scss": {
         "version": "7.0.1",
         "resolved": "https://registry.npmjs.org/normalize-scss/-/normalize-scss-7.0.1.tgz",
         "integrity": "sha512-qj16bWnYs+9/ac29IgGjySg4R5qQTp1lXfm7ApFOZNVBYFY8RZ3f8+XQNDDLHeDtI3Ba7Jj4+LuPgz9v/fne2A=="
      }
   }
}
